// !$*UTF8*$!
{
	archiveVersion = 1;
	classes = {
	};
	objectVersion = 77;
	objects = {

/* Begin PBXContainerItemProxy section */
		B520392C2D1CDAB400B21D7C /* PBXContainerItemProxy */ = {
			isa = PBXContainerItemProxy;
			containerPortal = B52039132D1CDAB200B21D7C /* Project object */;
			proxyType = 1;
			remoteGlobalIDString = B520391A2D1CDAB200B21D7C;
			remoteInfo = trafficpredictionapp;
		};
		B52039362D1CDAB400B21D7C /* PBXContainerItemProxy */ = {
			isa = PBXContainerItemProxy;
			containerPortal = B52039132D1CDAB200B21D7C /* Project object */;
			proxyType = 1;
			remoteGlobalIDString = B520391A2D1CDAB200B21D7C;
			remoteInfo = trafficpredictionapp;
		};
/* End PBXContainerItemProxy section */

/* Begin PBXFileReference section */
		B520391B2D1CDAB200B21D7C /* trafficpredictionapp.app */ = {isa = PBXFileReference; explicitFileType = wrapper.application; includeInIndex = 0; path = trafficpredictionapp.app; sourceTree = BUILT_PRODUCTS_DIR; };
		B520392B2D1CDAB400B21D7C /* trafficpredictionappTests.xctest */ = {isa = PBXFileReference; explicitFileType = wrapper.cfbundle; includeInIndex = 0; path = trafficpredictionappTests.xctest; sourceTree = BUILT_PRODUCTS_DIR; };
		B52039352D1CDAB400B21D7C /* trafficpredictionappUITests.xctest */ = {isa = PBXFileReference; explicitFileType = wrapper.cfbundle; includeInIndex = 0; path = trafficpredictionappUITests.xctest; sourceTree = BUILT_PRODUCTS_DIR; };
/* End PBXFileReference section */

/* Begin PBXFileSystemSynchronizedRootGroup section */
		B520391D2D1CDAB200B21D7C /* trafficpredictionapp */ = {
			isa = PBXFileSystemSynchronizedRootGroup;
			path = trafficpredictionapp;
			sourceTree = "<group>";
		};
		B520392E2D1CDAB400B21D7C /* trafficpredictionappTests */ = {
			isa = PBXFileSystemSynchronizedRootGroup;
			path = trafficpredictionappTests;
			sourceTree = "<group>";
		};
		B52039382D1CDAB400B21D7C /* trafficpredictionappUITests */ = {
			isa = PBXFileSystemSynchronizedRootGroup;
			path = trafficpredictionappUITests;
			sourceTree = "<group>";
		};
/* End PBXFileSystemSynchronizedRootGroup section */

/* Begin PBXFrameworksBuildPhase section */
		B52039182D1CDAB200B21D7C /* Frameworks */ = {
			isa = PBXFrameworksBuildPhase;
			buildActionMask = 2147483647;
			files = (
			);
			runOnlyForDeploymentPostprocessing = 0;
		};
		B52039282D1CDAB400B21D7C /* Frameworks */ = {
			isa = PBXFrameworksBuildPhase;
			buildActionMask = 2147483647;
			files = (
			);
			runOnlyForDeploymentPostprocessing = 0;
		};
		B52039322D1CDAB400B21D7C /* Frameworks */ = {
			isa = PBXFrameworksBuildPhase;
			buildActionMask = 2147483647;
			files = (
			);
			runOnlyForDeploymentPostprocessing = 0;
		};
/* End PBXFrameworksBuildPhase section */

/* Begin PBXGroup section */
		B52039122D1CDAB200B21D7C = {
			isa = PBXGroup;
			children = (
				B520391D2D1CDAB200B21D7C /* trafficpredictionapp */,
				B520392E2D1CDAB400B21D7C /* trafficpredictionappTests */,
				B52039382D1CDAB400B21D7C /* trafficpredictionappUITests */,
				B520391C2D1CDAB200B21D7C /* Products */,
			);
			sourceTree = "<group>";
		};
		B520391C2D1CDAB200B21D7C /* Products */ = {
			isa = PBXGroup;
			children = (
				B520391B2D1CDAB200B21D7C /* trafficpredictionapp.app */,
				B520392B2D1CDAB400B21D7C /* trafficpredictionappTests.xctest */,
				B52039352D1CDAB400B21D7C /* trafficpredictionappUITests.xctest */,
			);
			name = Products;
			sourceTree = "<group>";
		};
/* End PBXGroup section */

/* Begin PBXNativeTarget section */
		B520391A2D1CDAB200B21D7C /* trafficpredictionapp */ = {
			isa = PBXNativeTarget;
			buildConfigurationList = B520393F2D1CDAB400B21D7C /* Build configuration list for PBXNativeTarget "trafficpredictionapp" */;
			buildPhases = (
				B52039172D1CDAB200B21D7C /* Sources */,
				B52039182D1CDAB200B21D7C /* Frameworks */,
				B52039192D1CDAB200B21D7C /* Resources */,
			);
			buildRules = (
			);
			dependencies = (
			);
			fileSystemSynchronizedGroups = (
				B520391D2D1CDAB200B21D7C /* trafficpredictionapp */,
			);
			name = trafficpredictionapp;
			packageProductDependencies = (
			);
			productName = trafficpredictionapp;
			productReference = B520391B2D1CDAB200B21D7C /* trafficpredictionapp.app */;
			productType = "com.apple.product-type.application";
		};
		B520392A2D1CDAB400B21D7C /* trafficpredictionappTests */ = {
			isa = PBXNativeTarget;
			buildConfigurationList = B52039422D1CDAB400B21D7C /* Build configuration list for PBXNativeTarget "trafficpredictionappTests" */;
			buildPhases = (
				B52039272D1CDAB400B21D7C /* Sources */,
				B52039282D1CDAB400B21D7C /* Frameworks */,
				B52039292D1CDAB400B21D7C /* Resources */,
			);
			buildRules = (
			);
			dependencies = (
				B520392D2D1CDAB400B21D7C /* PBXTargetDependency */,
			);
			fileSystemSynchronizedGroups = (
				B520392E2D1CDAB400B21D7C /* trafficpredictionappTests */,
			);
			name = trafficpredictionappTests;
			packageProductDependencies = (
			);
			productName = trafficpredictionappTests;
			productReference = B520392B2D1CDAB400B21D7C /* trafficpredictionappTests.xctest */;
			productType = "com.apple.product-type.bundle.unit-test";
		};
		B52039342D1CDAB400B21D7C /* trafficpredictionappUITests */ = {
			isa = PBXNativeTarget;
			buildConfigurationList = B52039452D1CDAB400B21D7C /* Build configuration list for PBXNativeTarget "trafficpredictionappUITests" */;
			buildPhases = (
				B52039312D1CDAB400B21D7C /* Sources */,
				B52039322D1CDAB400B21D7C /* Frameworks */,
				B52039332D1CDAB400B21D7C /* Resources */,
			);
			buildRules = (
			);
			dependencies = (
				B52039372D1CDAB400B21D7C /* PBXTargetDependency */,
			);
			fileSystemSynchronizedGroups = (
				B52039382D1CDAB400B21D7C /* trafficpredictionappUITests */,
			);
			name = trafficpredictionappUITests;
			packageProductDependencies = (
			);
			productName = trafficpredictionappUITests;
			productReference = B52039352D1CDAB400B21D7C /* trafficpredictionappUITests.xctest */;
			productType = "com.apple.product-type.bundle.ui-testing";
		};
/* End PBXNativeTarget section */

/* Begin PBXProject section */
		B52039132D1CDAB200B21D7C /* Project object */ = {
			isa = PBXProject;
			attributes = {
				BuildIndependentTargetsInParallel = 1;
				LastSwiftUpdateCheck = 1600;
				LastUpgradeCheck = 1600;
				TargetAttributes = {
					B520391A2D1CDAB200B21D7C = {
						CreatedOnToolsVersion = 16.0;
					};
					B520392A2D1CDAB400B21D7C = {
						CreatedOnToolsVersion = 16.0;
						TestTargetID = B520391A2D1CDAB200B21D7C;
					};
					B52039342D1CDAB400B21D7C = {
						CreatedOnToolsVersion = 16.0;
						TestTargetID = B520391A2D1CDAB200B21D7C;
					};
				};
			};
			buildConfigurationList = B52039162D1CDAB200B21D7C /* Build configuration list for PBXProject "trafficpredictionapp" */;
			developmentRegion = en;
			hasScannedForEncodings = 0;
			knownRegions = (
				en,
				Base,
			);
			mainGroup = B52039122D1CDAB200B21D7C;
			minimizedProjectReferenceProxies = 1;
			preferredProjectObjectVersion = 77;
			productRefGroup = B520391C2D1CDAB200B21D7C /* Products */;
			projectDirPath = "";
			projectRoot = "";
			targets = (
				B520391A2D1CDAB200B21D7C /* trafficpredictionapp */,
				B520392A2D1CDAB400B21D7C /* trafficpredictionappTests */,
				B52039342D1CDAB400B21D7C /* trafficpredictionappUITests */,
			);
		};
/* End PBXProject section */

/* Begin PBXResourcesBuildPhase section */
		B52039192D1CDAB200B21D7C /* Resources */ = {
			isa = PBXResourcesBuildPhase;
			buildActionMask = 2147483647;
			files = (
			);
			runOnlyForDeploymentPostprocessing = 0;
		};
		B52039292D1CDAB400B21D7C /* Resources */ = {
			isa = PBXResourcesBuildPhase;
			buildActionMask = 2147483647;
			files = (
			);
			runOnlyForDeploymentPostprocessing = 0;
		};
		B52039332D1CDAB400B21D7C /* Resources */ = {
			isa = PBXResourcesBuildPhase;
			buildActionMask = 2147483647;
			files = (
			);
			runOnlyForDeploymentPostprocessing = 0;
		};
/* End PBXResourcesBuildPhase section */

/* Begin PBXSourcesBuildPhase section */
		B52039172D1CDAB200B21D7C /* Sources */ = {
			isa = PBXSourcesBuildPhase;
			buildActionMask = 2147483647;
			files = (
			);
			runOnlyForDeploymentPostprocessing = 0;
		};
		B52039272D1CDAB400B21D7C /* Sources */ = {
			isa = PBXSourcesBuildPhase;
			buildActionMask = 2147483647;
			files = (
			);
			runOnlyForDeploymentPostprocessing = 0;
		};
		B52039312D1CDAB400B21D7C /* Sources */ = {
			isa = PBXSourcesBuildPhase;
			buildActionMask = 2147483647;
			files = (
			);
			runOnlyForDeploymentPostprocessing = 0;
		};
/* End PBXSourcesBuildPhase section */

/* Begin PBXTargetDependency section */
		B520392D2D1CDAB400B21D7C /* PBXTargetDependency */ = {
			isa = PBXTargetDependency;
			target = B520391A2D1CDAB200B21D7C /* trafficpredictionapp */;
			targetProxy = B520392C2D1CDAB400B21D7C /* PBXContainerItemProxy */;
		};
		B52039372D1CDAB400B21D7C /* PBXTargetDependency */ = {
			isa = PBXTargetDependency;
			target = B520391A2D1CDAB200B21D7C /* trafficpredictionapp */;
			targetProxy = B52039362D1CDAB400B21D7C /* PBXContainerItemProxy */;
		};
/* End PBXTargetDependency section */

/* Begin XCBuildConfiguration section */
		B520393D2D1CDAB400B21D7C /* Debug */ = {
			isa = XCBuildConfiguration;
			buildSettings = {
				ALWAYS_SEARCH_USER_PATHS = NO;
				ASSETCATALOG_COMPILER_GENERATE_SWIFT_ASSET_SYMBOL_EXTENSIONS = YES;
				CLANG_ANALYZER_NONNULL = YES;
				CLANG_ANALYZER_NUMBER_OBJECT_CONVERSION = YES_AGGRESSIVE;
				CLANG_CXX_LANGUAGE_STANDARD = "gnu++20";
				CLANG_ENABLE_MODULES = YES;
				CLANG_ENABLE_OBJC_ARC = YES;
				CLANG_ENABLE_OBJC_WEAK = YES;
				CLANG_WARN_BLOCK_CAPTURE_AUTORELEASING = YES;
				CLANG_WARN_BOOL_CONVERSION = YES;
				CLANG_WARN_COMMA = YES;
				CLANG_WARN_CONSTANT_CONVERSION = YES;
				CLANG_WARN_DEPRECATED_OBJC_IMPLEMENTATIONS = YES;
				CLANG_WARN_DIRECT_OBJC_ISA_USAGE = YES_ERROR;
				CLANG_WARN_DOCUMENTATION_COMMENTS = YES;
				CLANG_WARN_EMPTY_BODY = YES;
				CLANG_WARN_ENUM_CONVERSION = YES;
				CLANG_WARN_INFINITE_RECURSION = YES;
				CLANG_WARN_INT_CONVERSION = YES;
				CLANG_WARN_NON_LITERAL_NULL_CONVERSION = YES;
				CLANG_WARN_OBJC_IMPLICIT_RETAIN_SELF = YES;
				CLANG_WARN_OBJC_LITERAL_CONVERSION = YES;
				CLANG_WARN_OBJC_ROOT_CLASS = YES_ERROR;
				CLANG_WARN_QUOTED_INCLUDE_IN_FRAMEWORK_HEADER = YES;
				CLANG_WARN_RANGE_LOOP_ANALYSIS = YES;
				CLANG_WARN_STRICT_PROTOTYPES = YES;
				CLANG_WARN_SUSPICIOUS_MOVE = YES;
				CLANG_WARN_UNGUARDED_AVAILABILITY = YES_AGGRESSIVE;
				CLANG_WARN_UNREACHABLE_CODE = YES;
				CLANG_WARN__DUPLICATE_METHOD_MATCH = YES;
				COPY_PHASE_STRIP = NO;
				DEBUG_INFORMATION_FORMAT = dwarf;
				ENABLE_STRICT_OBJC_MSGSEND = YES;
				ENABLE_TESTABILITY = YES;
				ENABLE_USER_SCRIPT_SANDBOXING = YES;
				GCC_C_LANGUAGE_STANDARD = gnu17;
				GCC_DYNAMIC_NO_PIC = NO;
				GCC_NO_COMMON_BLOCKS = YES;
				GCC_OPTIMIZATION_LEVEL = 0;
				GCC_PREPROCESSOR_DEFINITIONS = (
					"DEBUG=1",
					"$(inherited)",
				);
				GCC_WARN_64_TO_32_BIT_CONVERSION = YES;
				GCC_WARN_ABOUT_RETURN_TYPE = YES_ERROR;
				GCC_WARN_UNDECLARED_SELECTOR = YES;
				GCC_WARN_UNINITIALIZED_AUTOS = YES_AGGRESSIVE;
				GCC_WARN_UNUSED_FUNCTION = YES;
				GCC_WARN_UNUSED_VARIABLE = YES;
				IPHONEOS_DEPLOYMENT_TARGET = 18.0;
				LOCALIZATION_PREFERS_STRING_CATALOGS = YES;
				MTL_ENABLE_DEBUG_INFO = INCLUDE_SOURCE;
				MTL_FAST_MATH = YES;
				ONLY_ACTIVE_ARCH = YES;
				SDKROOT = iphoneos;
				SWIFT_ACTIVE_COMPILATION_CONDITIONS = "DEBUG $(inherited)";
				SWIFT_OPTIMIZATION_LEVEL = "-Onone";
			};
			name = Debug;
		};
		B520393E2D1CDAB400B21D7C /* Release */ = {
			isa = XCBuildConfiguration;
			buildSettings = {
				ALWAYS_SEARCH_USER_PATHS = NO;
				ASSETCATALOG_COMPILER_GENERATE_SWIFT_ASSET_SYMBOL_EXTENSIONS = YES;
				CLANG_ANALYZER_NONNULL = YES;
				CLANG_ANALYZER_NUMBER_OBJECT_CONVERSION = YES_AGGRESSIVE;
				CLANG_CXX_LANGUAGE_STANDARD = "gnu++20";
				CLANG_ENABLE_MODULES = YES;
				CLANG_ENABLE_OBJC_ARC = YES;
				CLANG_ENABLE_OBJC_WEAK = YES;
				CLANG_WARN_BLOCK_CAPTURE_AUTORELEASING = YES;
				CLANG_WARN_BOOL_CONVERSION = YES;
				CLANG_WARN_COMMA = YES;
				CLANG_WARN_CONSTANT_CONVERSION = YES;
				CLANG_WARN_DEPRECATED_OBJC_IMPLEMENTATIONS = YES;
				CLANG_WARN_DIRECT_OBJC_ISA_USAGE = YES_ERROR;
				CLANG_WARN_DOCUMENTATION_COMMENTS = YES;
				CLANG_WARN_EMPTY_BODY = YES;
				CLANG_WARN_ENUM_CONVERSION = YES;
				CLANG_WARN_INFINITE_RECURSION = YES;
				CLANG_WARN_INT_CONVERSION = YES;
				CLANG_WARN_NON_LITERAL_NULL_CONVERSION = YES;
				CLANG_WARN_OBJC_IMPLICIT_RETAIN_SELF = YES;
				CLANG_WARN_OBJC_LITERAL_CONVERSION = YES;
				CLANG_WARN_OBJC_ROOT_CLASS = YES_ERROR;
				CLANG_WARN_QUOTED_INCLUDE_IN_FRAMEWORK_HEADER = YES;
				CLANG_WARN_RANGE_LOOP_ANALYSIS = YES;
				CLANG_WARN_STRICT_PROTOTYPES = YES;
				CLANG_WARN_SUSPICIOUS_MOVE = YES;
				CLANG_WARN_UNGUARDED_AVAILABILITY = YES_AGGRESSIVE;
				CLANG_WARN_UNREACHABLE_CODE = YES;
				CLANG_WARN__DUPLICATE_METHOD_MATCH = YES;
				COPY_PHASE_STRIP = NO;
				DEBUG_INFORMATION_FORMAT = "dwarf-with-dsym";
				ENABLE_NS_ASSERTIONS = NO;
				ENABLE_STRICT_OBJC_MSGSEND = YES;
				ENABLE_USER_SCRIPT_SANDBOXING = YES;
				GCC_C_LANGUAGE_STANDARD = gnu17;
				GCC_NO_COMMON_BLOCKS = YES;
				GCC_WARN_64_TO_32_BIT_CONVERSION = YES;
				GCC_WARN_ABOUT_RETURN_TYPE = YES_ERROR;
				GCC_WARN_UNDECLARED_SELECTOR = YES;
				GCC_WARN_UNINITIALIZED_AUTOS = YES_AGGRESSIVE;
				GCC_WARN_UNUSED_FUNCTION = YES;
				GCC_WARN_UNUSED_VARIABLE = YES;
				IPHONEOS_DEPLOYMENT_TARGET = 18.0;
				LOCALIZATION_PREFERS_STRING_CATALOGS = YES;
				MTL_ENABLE_DEBUG_INFO = NO;
				MTL_FAST_MATH = YES;
				SDKROOT = iphoneos;
				SWIFT_COMPILATION_MODE = wholemodule;
				VALIDATE_PRODUCT = YES;
			};
			name = Release;
		};
		B52039402D1CDAB400B21D7C /* Debug */ = {
			isa = XCBuildConfiguration;
			buildSettings = {
				ASSETCATALOG_COMPILER_APPICON_NAME = AppIcon;
				ASSETCATALOG_COMPILER_GLOBAL_ACCENT_COLOR_NAME = AccentColor;
				CODE_SIGN_STYLE = Automatic;
				CURRENT_PROJECT_VERSION = 1;
				DEVELOPMENT_ASSET_PATHS = "\"trafficpredictionapp/Preview Content\"";
				ENABLE_PREVIEWS = YES;
				GENERATE_INFOPLIST_FILE = YES;
				INFOPLIST_KEY_UIApplicationSceneManifest_Generation = YES;
				INFOPLIST_KEY_UIApplicationSupportsIndirectInputEvents = YES;
				INFOPLIST_KEY_UILaunchScreen_Generation = YES;
				INFOPLIST_KEY_UISupportedInterfaceOrientations_iPad = "UIInterfaceOrientationPortrait UIInterfaceOrientationPortraitUpsideDown UIInterfaceOrientationLandscapeLeft UIInterfaceOrientationLandscapeRight";
				INFOPLIST_KEY_UISupportedInterfaceOrientations_iPhone = "UIInterfaceOrientationPortrait UIInterfaceOrientationLandscapeLeft UIInterfaceOrientationLandscapeRight";
				LD_RUNPATH_SEARCH_PATHS = (
					"$(inherited)",
					"@executable_path/Frameworks",
				);
				MARKETING_VERSION = 1.0;
				PRODUCT_BUNDLE_IDENTIFIER = com.example.trafficpredictionapp;
				PRODUCT_NAME = "$(TARGET_NAME)";
				SWIFT_EMIT_LOC_STRINGS = YES;
				SWIFT_VERSION = 5.0;
				TARGETED_DEVICE_FAMILY = "1,2";
			};
			name = Debug;
		};
		B52039412D1CDAB400B21D7C /* Release */ = {
			isa = XCBuildConfiguration;
			buildSettings = {
				ASSETCATALOG_COMPILER_APPICON_NAME = AppIcon;
				ASSETCATALOG_COMPILER_GLOBAL_ACCENT_COLOR_NAME = AccentColor;
				CODE_SIGN_STYLE = Automatic;
				CURRENT_PROJECT_VERSION = 1;
				DEVELOPMENT_ASSET_PATHS = "\"trafficpredictionapp/Preview Content\"";
				ENABLE_PREVIEWS = YES;
				GENERATE_INFOPLIST_FILE = YES;
				INFOPLIST_KEY_UIApplicationSceneManifest_Generation = YES;
				INFOPLIST_KEY_UIApplicationSupportsIndirectInputEvents = YES;
				INFOPLIST_KEY_UILaunchScreen_Generation = YES;
				INFOPLIST_KEY_UISupportedInterfaceOrientations_iPad = "UIInterfaceOrientationPortrait UIInterfaceOrientationPortraitUpsideDown UIInterfaceOrientationLandscapeLeft UIInterfaceOrientationLandscapeRight";
				INFOPLIST_KEY_UISupportedInterfaceOrientations_iPhone = "UIInterfaceOrientationPortrait UIInterfaceOrientationLandscapeLeft UIInterfaceOrientationLandscapeRight";
				LD_RUNPATH_SEARCH_PATHS = (
					"$(inherited)",
					"@executable_path/Frameworks",
				);
				MARKETING_VERSION = 1.0;
				PRODUCT_BUNDLE_IDENTIFIER = com.example.trafficpredictionapp;
				PRODUCT_NAME = "$(TARGET_NAME)";
				SWIFT_EMIT_LOC_STRINGS = YES;
				SWIFT_VERSION = 5.0;
				TARGETED_DEVICE_FAMILY = "1,2";
			};
			name = Release;
		};
		B52039432D1CDAB400B21D7C /* Debug */ = {
			isa = XCBuildConfiguration;
			buildSettings = {
				BUNDLE_LOADER = "$(TEST_HOST)";
				CODE_SIGN_STYLE = Automatic;
				CURRENT_PROJECT_VERSION = 1;
				GENERATE_INFOPLIST_FILE = YES;
				IPHONEOS_DEPLOYMENT_TARGET = 18.0;
				MARKETING_VERSION = 1.0;
				PRODUCT_BUNDLE_IDENTIFIER = com.example.trafficpredictionappTests;
				PRODUCT_NAME = "$(TARGET_NAME)";
				SWIFT_EMIT_LOC_STRINGS = NO;
				SWIFT_VERSION = 5.0;
				TARGETED_DEVICE_FAMILY = "1,2";
				TEST_HOST = "$(BUILT_PRODUCTS_DIR)/trafficpredictionapp.app/$(BUNDLE_EXECUTABLE_FOLDER_PATH)/trafficpredictionapp";
			};
			name = Debug;
		};
		B52039442D1CDAB400B21D7C /* Release */ = {
			isa = XCBuildConfiguration;
			buildSettings = {
				BUNDLE_LOADER = "$(TEST_HOST)";
				CODE_SIGN_STYLE = Automatic;
				CURRENT_PROJECT_VERSION = 1;
				GENERATE_INFOPLIST_FILE = YES;
				IPHONEOS_DEPLOYMENT_TARGET = 18.0;
				MARKETING_VERSION = 1.0;
				PRODUCT_BUNDLE_IDENTIFIER = com.example.trafficpredictionappTests;
				PRODUCT_NAME = "$(TARGET_NAME)";
				SWIFT_EMIT_LOC_STRINGS = NO;
				SWIFT_VERSION = 5.0;
				TARGETED_DEVICE_FAMILY = "1,2";
				TEST_HOST = "$(BUILT_PRODUCTS_DIR)/trafficpredictionapp.app/$(BUNDLE_EXECUTABLE_FOLDER_PATH)/trafficpredictionapp";
			};
			name = Release;
		};
		B52039462D1CDAB400B21D7C /* Debug */ = {
			isa = XCBuildConfiguration;
			buildSettings = {
				CODE_SIGN_STYLE = Automatic;
				CURRENT_PROJECT_VERSION = 1;
				GENERATE_INFOPLIST_FILE = YES;
				MARKETING_VERSION = 1.0;
				PRODUCT_BUNDLE_IDENTIFIER = com.example.trafficpredictionappUITests;
				PRODUCT_NAME = "$(TARGET_NAME)";
				SWIFT_EMIT_LOC_STRINGS = NO;
				SWIFT_VERSION = 5.0;
				TARGETED_DEVICE_FAMILY = "1,2";
				TEST_TARGET_NAME = trafficpredictionapp;
			};
			name = Debug;
		};
		B52039472D1CDAB400B21D7C /* Release */ = {
			isa = XCBuildConfiguration;
			buildSettings = {
				CODE_SIGN_STYLE = Automatic;
				CURRENT_PROJECT_VERSION = 1;
				GENERATE_INFOPLIST_FILE = YES;
				MARKETING_VERSION = 1.0;
				PRODUCT_BUNDLE_IDENTIFIER = com.example.trafficpredictionappUITests;
				PRODUCT_NAME = "$(TARGET_NAME)";
				SWIFT_EMIT_LOC_STRINGS = NO;
				SWIFT_VERSION = 5.0;
				TARGETED_DEVICE_FAMILY = "1,2";
				TEST_TARGET_NAME = trafficpredictionapp;
			};
			name = Release;
		};
/* End XCBuildConfiguration section */

/* Begin XCConfigurationList section */
		B52039162D1CDAB200B21D7C /* Build configuration list for PBXProject "trafficpredictionapp" */ = {
			isa = XCConfigurationList;
			buildConfigurations = (
				B520393D2D1CDAB400B21D7C /* Debug */,
				B520393E2D1CDAB400B21D7C /* Release */,
			);
			defaultConfigurationIsVisible = 0;
			defaultConfigurationName = Release;
		};
		B520393F2D1CDAB400B21D7C /* Build configuration list for PBXNativeTarget "trafficpredictionapp" */ = {
			isa = XCConfigurationList;
			buildConfigurations = (
				B52039402D1CDAB400B21D7C /* Debug */,
				B52039412D1CDAB400B21D7C /* Release */,
			);
			defaultConfigurationIsVisible = 0;
			defaultConfigurationName = Release;
		};
		B52039422D1CDAB400B21D7C /* Build configuration list for PBXNativeTarget "trafficpredictionappTests" */ = {
			isa = XCConfigurationList;
			buildConfigurations = (
				B52039432D1CDAB400B21D7C /* Debug */,
				B52039442D1CDAB400B21D7C /* Release */,
			);
			defaultConfigurationIsVisible = 0;
			defaultConfigurationName = Release;
		};
		B52039452D1CDAB400B21D7C /* Build configuration list for PBXNativeTarget "trafficpredictionappUITests" */ = {
			isa = XCConfigurationList;
			buildConfigurations = (
				B52039462D1CDAB400B21D7C /* Debug */,
				B52039472D1CDAB400B21D7C /* Release */,
			);
			defaultConfigurationIsVisible = 0;
			defaultConfigurationName = Release;
		};
/* End XCConfigurationList section */
	};
	rootObject = B52039132D1CDAB200B21D7C /* Project object */;
}
